
Microsoft Visual Studio Solution File, Format Version 12.00
# Visual Studio 15
VisualStudioVersion = 15.0.28307.168
MinimumVisualStudioVersion = 10.0.40219.1
Project("{9A19103F-16F7-4668-BE54-9A1E7A4F7556}") = "Loader", "Loader\Loader.csproj", "{C9EFB925-8F99-4017-86DA-BA9F50FFA84F}"
EndProject
Project("{9A19103F-16F7-4668-BE54-9A1E7A4F7556}") = "Loadee", "Loadee\Loadee.csproj", "{D31AE651-190E-4B69-94D7-E03E1B17C308}"
EndProject
Project("{9A19103F-16F7-4668-BE54-9A1E7A4F7556}") = "Referenced", "Referenced\Referenced.csproj", "{A65D6CB6-3B2D-4896-AC93-07BF763F13AA}"
EndProject
Global
	GlobalSection(SolutionConfigurationPlatforms) = preSolution
		Debug|Any CPU = Debug|Any CPU
		Release|Any CPU = Release|Any CPU
	EndGlobalSection
	GlobalSection(ProjectConfigurationPlatforms) = postSolution
		{C9EFB925-8F99-4017-86DA-BA9F50FFA84F}.Debug|Any CPU.ActiveCfg = Debug|Any CPU
		{C9EFB925-8F99-4017-86DA-BA9F50FFA84F}.Debug|Any CPU.Build.0 = Debug|Any CPU
		{C9EFB925-8F99-4017-86DA-BA9F50FFA84F}.Release|Any CPU.ActiveCfg = Release|Any CPU
		{C9EFB925-8F99-4017-86DA-BA9F50FFA84F}.Release|Any CPU.Build.0 = Release|Any CPU
		{D31AE651-190E-4B69-94D7-E03E1B17C308}.Debug|Any CPU.ActiveCfg = Debug|Any CPU
		{D31AE651-190E-4B69-94D7-E03E1B17C308}.Debug|Any CPU.Build.0 = Debug|Any CPU
		{D31AE651-190E-4B69-94D7-E03E1B17C308}.Release|Any CPU.ActiveCfg = Release|Any CPU
		{D31AE651-190E-4B69-94D7-E03E1B17C308}.Release|Any CPU.Build.0 = Release|Any CPU
		{A65D6CB6-3B2D-4896-AC93-07BF763F13AA}.Debug|Any CPU.ActiveCfg = Debug|Any CPU
		{A65D6CB6-3B2D-4896-AC93-07BF763F13AA}.Debug|Any CPU.Build.0 = Debug|Any CPU
		{A65D6CB6-3B2D-4896-AC93-07BF763F13AA}.Release|Any CPU.ActiveCfg = Release|Any CPU
		{A65D6CB6-3B2D-4896-AC93-07BF763F13AA}.Release|Any CPU.Build.0 = Release|Any CPU
	EndGlobalSection
	GlobalSection(SolutionProperties) = preSolution
		HideSolutionNode = FALSE
	EndGlobalSection
	GlobalSection(ExtensibilityGlobals) = postSolution
		SolutionGuid = {10BB3C33-1863-490A-AF78-1726D319FAD9}
	EndGlobalSection
EndGlobal
